
Microsoft Visual Studio Solution File, Format Version 12.00
# Visual Studio 15
VisualStudioVersion = 15.0.28307.645
MinimumVisualStudioVersion = 10.0.40219.1
Project("{FAE04EC0-301F-11D3-BF4B-00C04F79EFBC}") = "SimUDuck App", "SimUDuck App\SimUDuck App.csproj", "{1FD7FBEC-8B11-4887-ACF2-631A6B98C888}"
EndProject
Global
	GlobalSection(SolutionConfigurationPlatforms) = preSolution
		Debug|Any CPU = Debug|Any CPU
		Release|Any CPU = Release|Any CPU
	EndGlobalSection
	GlobalSection(ProjectConfigurationPlatforms) = postSolution
		{1FD7FBEC-8B11-4887-ACF2-631A6B98C888}.Debug|Any CPU.ActiveCfg = Debug|Any CPU
		{1FD7FBEC-8B11-4887-ACF2-631A6B98C888}.Debug|Any CPU.Build.0 = Debug|Any CPU
		{1FD7FBEC-8B11-4887-ACF2-631A6B98C888}.Release|Any CPU.ActiveCfg = Release|Any CPU
		{1FD7FBEC-8B11-4887-ACF2-631A6B98C888}.Release|Any CPU.Build.0 = Release|Any CPU
	EndGlobalSection
	GlobalSection(SolutionProperties) = preSolution
		HideSolutionNode = FALSE
	EndGlobalSection
	GlobalSection(ExtensibilityGlobals) = postSolution
		SolutionGuid = {036F103F-26A6-4C5E-A252-51691DA5228B}
	EndGlobalSection
EndGlobal
