
Microsoft Visual Studio Solution File, Format Version 12.00
# Visual Studio 15
VisualStudioVersion = 15.0.28307.645
MinimumVisualStudioVersion = 10.0.40219.1
Project("{FAE04EC0-301F-11D3-BF4B-00C04F79EFBC}") = "TestWebApplication", "TestWebApplication\TestWebApplication.csproj", "{17348867-A82D-4F0E-80B0-044E07586220}"
EndProject
Project("{FAE04EC0-301F-11D3-BF4B-00C04F79EFBC}") = "Test.DAL", "Test.DAL\Test.DAL.csproj", "{B71917DC-EBEC-44C1-853B-CD5F3C381868}"
EndProject
Project("{FAE04EC0-301F-11D3-BF4B-00C04F79EFBC}") = "ClassLibrary1", "ClassLibrary1\ClassLibrary1.csproj", "{FED883BE-319F-4385-9EC3-DD15654F8654}"
EndProject
Global
	GlobalSection(SolutionConfigurationPlatforms) = preSolution
		Debug|Any CPU = Debug|Any CPU
		Release|Any CPU = Release|Any CPU
	EndGlobalSection
	GlobalSection(ProjectConfigurationPlatforms) = postSolution
		{17348867-A82D-4F0E-80B0-044E07586220}.Debug|Any CPU.ActiveCfg = Debug|Any CPU
		{17348867-A82D-4F0E-80B0-044E07586220}.Debug|Any CPU.Build.0 = Debug|Any CPU
		{17348867-A82D-4F0E-80B0-044E07586220}.Release|Any CPU.ActiveCfg = Release|Any CPU
		{17348867-A82D-4F0E-80B0-044E07586220}.Release|Any CPU.Build.0 = Release|Any CPU
		{B71917DC-EBEC-44C1-853B-CD5F3C381868}.Debug|Any CPU.ActiveCfg = Debug|Any CPU
		{B71917DC-EBEC-44C1-853B-CD5F3C381868}.Debug|Any CPU.Build.0 = Debug|Any CPU
		{B71917DC-EBEC-44C1-853B-CD5F3C381868}.Release|Any CPU.ActiveCfg = Release|Any CPU
		{B71917DC-EBEC-44C1-853B-CD5F3C381868}.Release|Any CPU.Build.0 = Release|Any CPU
		{FED883BE-319F-4385-9EC3-DD15654F8654}.Debug|Any CPU.ActiveCfg = Debug|Any CPU
		{FED883BE-319F-4385-9EC3-DD15654F8654}.Debug|Any CPU.Build.0 = Debug|Any CPU
		{FED883BE-319F-4385-9EC3-DD15654F8654}.Release|Any CPU.ActiveCfg = Release|Any CPU
		{FED883BE-319F-4385-9EC3-DD15654F8654}.Release|Any CPU.Build.0 = Release|Any CPU
	EndGlobalSection
	GlobalSection(SolutionProperties) = preSolution
		HideSolutionNode = FALSE
	EndGlobalSection
	GlobalSection(ExtensibilityGlobals) = postSolution
		SolutionGuid = {A0E65871-1209-422C-9CD5-359820904FBB}
	EndGlobalSection
EndGlobal
